
Microsoft Visual Studio Solution File, Format Version 12.00
# Visual Studio 15
VisualStudioVersion = 15.0.28307.1000
MinimumVisualStudioVersion = 10.0.40219.1
Project("{FAE04EC0-301F-11D3-BF4B-00C04F79EFBC}") = "JsonSerializationTests", "JsonSerializationTests\JsonSerializationTests.csproj", "{AFE9D54E-6B55-4231-A3E3-939F821ACAB2}"
EndProject
Project("{FAE04EC0-301F-11D3-BF4B-00C04F79EFBC}") = "JsonSerialization", "JsonSerialization\JsonSerialization.csproj", "{B0D72623-ECDD-44BB-A096-5B5F9135BF0E}"
EndProject
Global
	GlobalSection(SolutionConfigurationPlatforms) = preSolution
		Debug|Any CPU = Debug|Any CPU
		Release|Any CPU = Release|Any CPU
	EndGlobalSection
	GlobalSection(ProjectConfigurationPlatforms) = postSolution
		{AFE9D54E-6B55-4231-A3E3-939F821ACAB2}.Debug|Any CPU.ActiveCfg = Debug|Any CPU
		{AFE9D54E-6B55-4231-A3E3-939F821ACAB2}.Debug|Any CPU.Build.0 = Debug|Any CPU
		{AFE9D54E-6B55-4231-A3E3-939F821ACAB2}.Release|Any CPU.ActiveCfg = Release|Any CPU
		{AFE9D54E-6B55-4231-A3E3-939F821ACAB2}.Release|Any CPU.Build.0 = Release|Any CPU
		{B0D72623-ECDD-44BB-A096-5B5F9135BF0E}.Debug|Any CPU.ActiveCfg = Debug|Any CPU
		{B0D72623-ECDD-44BB-A096-5B5F9135BF0E}.Debug|Any CPU.Build.0 = Debug|Any CPU
		{B0D72623-ECDD-44BB-A096-5B5F9135BF0E}.Release|Any CPU.ActiveCfg = Release|Any CPU
		{B0D72623-ECDD-44BB-A096-5B5F9135BF0E}.Release|Any CPU.Build.0 = Release|Any CPU
	EndGlobalSection
	GlobalSection(SolutionProperties) = preSolution
		HideSolutionNode = FALSE
	EndGlobalSection
	GlobalSection(ExtensibilityGlobals) = postSolution
		SolutionGuid = {6390F99E-D782-4A15-B764-1A9902E9F16B}
	EndGlobalSection
EndGlobal
